
Microsoft Visual Studio Solution File, Format Version 12.00
# Visual Studio 15
VisualStudioVersion = 15.0.26228.9
MinimumVisualStudioVersion = 10.0.40219.1
Project("{8BC9CEB8-8B4A-11D0-8D11-00A0C91BC942}") = "Exam01-cout", "CppBasic\CppBasic.vcxproj", "{70C93487-21D2-45F3-9736-E43FC8FD193C}"
EndProject
Project("{8BC9CEB8-8B4A-11D0-8D11-00A0C91BC942}") = "Exam02-cin", "Exam01-cout\Exam01-cout.vcxproj", "{EE4BFC67-81CE-42CE-A1A5-2BD9D8E47A64}"
EndProject
Project("{8BC9CEB8-8B4A-11D0-8D11-00A0C91BC942}") = "Exam03-MultiInput", "Exam02\Exam02.vcxproj", "{3F1B8803-F8A5-41FB-841D-3A6A4BEE9919}"
EndProject
Project("{8BC9CEB8-8B4A-11D0-8D11-00A0C91BC942}") = "Exam04", "Exam04\Exam04.vcxproj", "{E4C732C9-73B0-4DE4-A9E9-7C56E68C7E7A}"
EndProject
Project("{8BC9CEB8-8B4A-11D0-8D11-00A0C91BC942}") = "Exam05", "Exam05\Exam05.vcxproj", "{D986239E-D957-4D9E-965A-6185DD5716FE}"
EndProject
Project("{8BC9CEB8-8B4A-11D0-8D11-00A0C91BC942}") = "Exam06", "Exam06\Exam06.vcxproj", "{379E0360-58FB-4748-B526-C9CE453214D1}"
EndProject
Project("{8BC9CEB8-8B4A-11D0-8D11-00A0C91BC942}") = "Exam07", "Exam07\Exam07.vcxproj", "{8482E23E-EE12-45AE-B79F-7E6D55E321EC}"
EndProject
Project("{8BC9CEB8-8B4A-11D0-8D11-00A0C91BC942}") = "Exam08", "Exam08\Exam08.vcxproj", "{FFEBB057-F632-42C8-A2CA-3B54983D7BEF}"
EndProject
Project("{8BC9CEB8-8B4A-11D0-8D11-00A0C91BC942}") = "Exam09", "Exam09\Exam09.vcxproj", "{8A88B082-8BDD-4CE3-98DA-10F0D6851B3B}"
EndProject
Project("{8BC9CEB8-8B4A-11D0-8D11-00A0C91BC942}") = "Exam10", "Exam10\Exam10.vcxproj", "{9B39E47A-44D2-4AAC-B45C-DE03486DB27F}"
EndProject
Project("{8BC9CEB8-8B4A-11D0-8D11-00A0C91BC942}") = "Exam11", "Exam11\Exam11.vcxproj", "{BE3C8F80-E1A3-4785-BC4D-7481784D87C8}"
EndProject
Project("{8BC9CEB8-8B4A-11D0-8D11-00A0C91BC942}") = "Exam12", "Exam12\Exam12.vcxproj", "{DD829D77-B8FC-4222-9DFE-C30C2FB34822}"
EndProject
Project("{8BC9CEB8-8B4A-11D0-8D11-00A0C91BC942}") = "Exam13", "Exam13\Exam13.vcxproj", "{8948E857-3ADD-43DF-B0D2-5F053AC4779A}"
EndProject
Project("{8BC9CEB8-8B4A-11D0-8D11-00A0C91BC942}") = "Exam14", "Exam14\Exam14.vcxproj", "{0598AE29-5136-4C12-B4EA-980A8B2E514C}"
EndProject
Project("{8BC9CEB8-8B4A-11D0-8D11-00A0C91BC942}") = "Exam15", "Exam15\Exam15.vcxproj", "{0372C0DA-75E9-4DF6-94A5-53AC5786F667}"
EndProject
Global
	GlobalSection(SolutionConfigurationPlatforms) = preSolution
		Debug|x64 = Debug|x64
		Debug|x86 = Debug|x86
		Release|x64 = Release|x64
		Release|x86 = Release|x86
	EndGlobalSection
	GlobalSection(ProjectConfigurationPlatforms) = postSolution
		{70C93487-21D2-45F3-9736-E43FC8FD193C}.Debug|x64.ActiveCfg = Debug|x64
		{70C93487-21D2-45F3-9736-E43FC8FD193C}.Debug|x64.Build.0 = Debug|x64
		{70C93487-21D2-45F3-9736-E43FC8FD193C}.Debug|x86.ActiveCfg = Debug|Win32
		{70C93487-21D2-45F3-9736-E43FC8FD193C}.Debug|x86.Build.0 = Debug|Win32
		{70C93487-21D2-45F3-9736-E43FC8FD193C}.Release|x64.ActiveCfg = Release|x64
		{70C93487-21D2-45F3-9736-E43FC8FD193C}.Release|x64.Build.0 = Release|x64
		{70C93487-21D2-45F3-9736-E43FC8FD193C}.Release|x86.ActiveCfg = Release|Win32
		{70C93487-21D2-45F3-9736-E43FC8FD193C}.Release|x86.Build.0 = Release|Win32
		{EE4BFC67-81CE-42CE-A1A5-2BD9D8E47A64}.Debug|x64.ActiveCfg = Debug|x64
		{EE4BFC67-81CE-42CE-A1A5-2BD9D8E47A64}.Debug|x64.Build.0 = Debug|x64
		{EE4BFC67-81CE-42CE-A1A5-2BD9D8E47A64}.Debug|x86.ActiveCfg = Debug|Win32
		{EE4BFC67-81CE-42CE-A1A5-2BD9D8E47A64}.Debug|x86.Build.0 = Debug|Win32
		{EE4BFC67-81CE-42CE-A1A5-2BD9D8E47A64}.Release|x64.ActiveCfg = Release|x64
		{EE4BFC67-81CE-42CE-A1A5-2BD9D8E47A64}.Release|x64.Build.0 = Release|x64
		{EE4BFC67-81CE-42CE-A1A5-2BD9D8E47A64}.Release|x86.ActiveCfg = Release|Win32
		{EE4BFC67-81CE-42CE-A1A5-2BD9D8E47A64}.Release|x86.Build.0 = Release|Win32
		{3F1B8803-F8A5-41FB-841D-3A6A4BEE9919}.Debug|x64.ActiveCfg = Debug|x64
		{3F1B8803-F8A5-41FB-841D-3A6A4BEE9919}.Debug|x64.Build.0 = Debug|x64
		{3F1B8803-F8A5-41FB-841D-3A6A4BEE9919}.Debug|x86.ActiveCfg = Debug|Win32
		{3F1B8803-F8A5-41FB-841D-3A6A4BEE9919}.Debug|x86.Build.0 = Debug|Win32
		{3F1B8803-F8A5-41FB-841D-3A6A4BEE9919}.Release|x64.ActiveCfg = Release|x64
		{3F1B8803-F8A5-41FB-841D-3A6A4BEE9919}.Release|x64.Build.0 = Release|x64
		{3F1B8803-F8A5-41FB-841D-3A6A4BEE9919}.Release|x86.ActiveCfg = Release|Win32
		{3F1B8803-F8A5-41FB-841D-3A6A4BEE9919}.Release|x86.Build.0 = Release|Win32
		{E4C732C9-73B0-4DE4-A9E9-7C56E68C7E7A}.Debug|x64.ActiveCfg = Debug|x64
		{E4C732C9-73B0-4DE4-A9E9-7C56E68C7E7A}.Debug|x64.Build.0 = Debug|x64
		{E4C732C9-73B0-4DE4-A9E9-7C56E68C7E7A}.Debug|x86.ActiveCfg = Debug|Win32
		{E4C732C9-73B0-4DE4-A9E9-7C56E68C7E7A}.Debug|x86.Build.0 = Debug|Win32
		{E4C732C9-73B0-4DE4-A9E9-7C56E68C7E7A}.Release|x64.ActiveCfg = Release|x64
		{E4C732C9-73B0-4DE4-A9E9-7C56E68C7E7A}.Release|x64.Build.0 = Release|x64
		{E4C732C9-73B0-4DE4-A9E9-7C56E68C7E7A}.Release|x86.ActiveCfg = Release|Win32
		{E4C732C9-73B0-4DE4-A9E9-7C56E68C7E7A}.Release|x86.Build.0 = Release|Win32
		{D986239E-D957-4D9E-965A-6185DD5716FE}.Debug|x64.ActiveCfg = Debug|x64
		{D986239E-D957-4D9E-965A-6185DD5716FE}.Debug|x64.Build.0 = Debug|x64
		{D986239E-D957-4D9E-965A-6185DD5716FE}.Debug|x86.ActiveCfg = Debug|Win32
		{D986239E-D957-4D9E-965A-6185DD5716FE}.Debug|x86.Build.0 = Debug|Win32
		{D986239E-D957-4D9E-965A-6185DD5716FE}.Release|x64.ActiveCfg = Release|x64
		{D986239E-D957-4D9E-965A-6185DD5716FE}.Release|x64.Build.0 = Release|x64
		{D986239E-D957-4D9E-965A-6185DD5716FE}.Release|x86.ActiveCfg = Release|Win32
		{D986239E-D957-4D9E-965A-6185DD5716FE}.Release|x86.Build.0 = Release|Win32
		{379E0360-58FB-4748-B526-C9CE453214D1}.Debug|x64.ActiveCfg = Debug|x64
		{379E0360-58FB-4748-B526-C9CE453214D1}.Debug|x64.Build.0 = Debug|x64
		{379E0360-58FB-4748-B526-C9CE453214D1}.Debug|x86.ActiveCfg = Debug|Win32
		{379E0360-58FB-4748-B526-C9CE453214D1}.Debug|x86.Build.0 = Debug|Win32
		{379E0360-58FB-4748-B526-C9CE453214D1}.Release|x64.ActiveCfg = Release|x64
		{379E0360-58FB-4748-B526-C9CE453214D1}.Release|x64.Build.0 = Release|x64
		{379E0360-58FB-4748-B526-C9CE453214D1}.Release|x86.ActiveCfg = Release|Win32
		{379E0360-58FB-4748-B526-C9CE453214D1}.Release|x86.Build.0 = Release|Win32
		{8482E23E-EE12-45AE-B79F-7E6D55E321EC}.Debug|x64.ActiveCfg = Debug|x64
		{8482E23E-EE12-45AE-B79F-7E6D55E321EC}.Debug|x64.Build.0 = Debug|x64
		{8482E23E-EE12-45AE-B79F-7E6D55E321EC}.Debug|x86.ActiveCfg = Debug|Win32
		{8482E23E-EE12-45AE-B79F-7E6D55E321EC}.Debug|x86.Build.0 = Debug|Win32
		{8482E23E-EE12-45AE-B79F-7E6D55E321EC}.Release|x64.ActiveCfg = Release|x64
		{8482E23E-EE12-45AE-B79F-7E6D55E321EC}.Release|x64.Build.0 = Release|x64
		{8482E23E-EE12-45AE-B79F-7E6D55E321EC}.Release|x86.ActiveCfg = Release|Win32
		{8482E23E-EE12-45AE-B79F-7E6D55E321EC}.Release|x86.Build.0 = Release|Win32
		{FFEBB057-F632-42C8-A2CA-3B54983D7BEF}.Debug|x64.ActiveCfg = Debug|x64
		{FFEBB057-F632-42C8-A2CA-3B54983D7BEF}.Debug|x64.Build.0 = Debug|x64
		{FFEBB057-F632-42C8-A2CA-3B54983D7BEF}.Debug|x86.ActiveCfg = Debug|Win32
		{FFEBB057-F632-42C8-A2CA-3B54983D7BEF}.Debug|x86.Build.0 = Debug|Win32
		{FFEBB057-F632-42C8-A2CA-3B54983D7BEF}.Release|x64.ActiveCfg = Release|x64
		{FFEBB057-F632-42C8-A2CA-3B54983D7BEF}.Release|x64.Build.0 = Release|x64
		{FFEBB057-F632-42C8-A2CA-3B54983D7BEF}.Release|x86.ActiveCfg = Release|Win32
		{FFEBB057-F632-42C8-A2CA-3B54983D7BEF}.Release|x86.Build.0 = Release|Win32
		{8A88B082-8BDD-4CE3-98DA-10F0D6851B3B}.Debug|x64.ActiveCfg = Debug|x64
		{8A88B082-8BDD-4CE3-98DA-10F0D6851B3B}.Debug|x64.Build.0 = Debug|x64
		{8A88B082-8BDD-4CE3-98DA-10F0D6851B3B}.Debug|x86.ActiveCfg = Debug|Win32
		{8A88B082-8BDD-4CE3-98DA-10F0D6851B3B}.Debug|x86.Build.0 = Debug|Win32
		{8A88B082-8BDD-4CE3-98DA-10F0D6851B3B}.Release|x64.ActiveCfg = Release|x64
		{8A88B082-8BDD-4CE3-98DA-10F0D6851B3B}.Release|x64.Build.0 = Release|x64
		{8A88B082-8BDD-4CE3-98DA-10F0D6851B3B}.Release|x86.ActiveCfg = Release|Win32
		{8A88B082-8BDD-4CE3-98DA-10F0D6851B3B}.Release|x86.Build.0 = Release|Win32
		{9B39E47A-44D2-4AAC-B45C-DE03486DB27F}.Debug|x64.ActiveCfg = Debug|x64
		{9B39E47A-44D2-4AAC-B45C-DE03486DB27F}.Debug|x64.Build.0 = Debug|x64
		{9B39E47A-44D2-4AAC-B45C-DE03486DB27F}.Debug|x86.ActiveCfg = Debug|Win32
		{9B39E47A-44D2-4AAC-B45C-DE03486DB27F}.Debug|x86.Build.0 = Debug|Win32
		{9B39E47A-44D2-4AAC-B45C-DE03486DB27F}.Release|x64.ActiveCfg = Release|x64
		{9B39E47A-44D2-4AAC-B45C-DE03486DB27F}.Release|x64.Build.0 = Release|x64
		{9B39E47A-44D2-4AAC-B45C-DE03486DB27F}.Release|x86.ActiveCfg = Release|Win32
		{9B39E47A-44D2-4AAC-B45C-DE03486DB27F}.Release|x86.Build.0 = Release|Win32
		{BE3C8F80-E1A3-4785-BC4D-7481784D87C8}.Debug|x64.ActiveCfg = Debug|x64
		{BE3C8F80-E1A3-4785-BC4D-7481784D87C8}.Debug|x64.Build.0 = Debug|x64
		{BE3C8F80-E1A3-4785-BC4D-7481784D87C8}.Debug|x86.ActiveCfg = Debug|Win32
		{BE3C8F80-E1A3-4785-BC4D-7481784D87C8}.Debug|x86.Build.0 = Debug|Win32
		{BE3C8F80-E1A3-4785-BC4D-7481784D87C8}.Release|x64.ActiveCfg = Release|x64
		{BE3C8F80-E1A3-4785-BC4D-7481784D87C8}.Release|x64.Build.0 = Release|x64
		{BE3C8F80-E1A3-4785-BC4D-7481784D87C8}.Release|x86.ActiveCfg = Release|Win32
		{BE3C8F80-E1A3-4785-BC4D-7481784D87C8}.Release|x86.Build.0 = Release|Win32
		{DD829D77-B8FC-4222-9DFE-C30C2FB34822}.Debug|x64.ActiveCfg = Debug|x64
		{DD829D77-B8FC-4222-9DFE-C30C2FB34822}.Debug|x64.Build.0 = Debug|x64
		{DD829D77-B8FC-4222-9DFE-C30C2FB34822}.Debug|x86.ActiveCfg = Debug|Win32
		{DD829D77-B8FC-4222-9DFE-C30C2FB34822}.Debug|x86.Build.0 = Debug|Win32
		{DD829D77-B8FC-4222-9DFE-C30C2FB34822}.Release|x64.ActiveCfg = Release|x64
		{DD829D77-B8FC-4222-9DFE-C30C2FB34822}.Release|x64.Build.0 = Release|x64
		{DD829D77-B8FC-4222-9DFE-C30C2FB34822}.Release|x86.ActiveCfg = Release|Win32
		{DD829D77-B8FC-4222-9DFE-C30C2FB34822}.Release|x86.Build.0 = Release|Win32
		{8948E857-3ADD-43DF-B0D2-5F053AC4779A}.Debug|x64.ActiveCfg = Debug|x64
		{8948E857-3ADD-43DF-B0D2-5F053AC4779A}.Debug|x64.Build.0 = Debug|x64
		{8948E857-3ADD-43DF-B0D2-5F053AC4779A}.Debug|x86.ActiveCfg = Debug|Win32
		{8948E857-3ADD-43DF-B0D2-5F053AC4779A}.Debug|x86.Build.0 = Debug|Win32
		{8948E857-3ADD-43DF-B0D2-5F053AC4779A}.Release|x64.ActiveCfg = Release|x64
		{8948E857-3ADD-43DF-B0D2-5F053AC4779A}.Release|x64.Build.0 = Release|x64
		{8948E857-3ADD-43DF-B0D2-5F053AC4779A}.Release|x86.ActiveCfg = Release|Win32
		{8948E857-3ADD-43DF-B0D2-5F053AC4779A}.Release|x86.Build.0 = Release|Win32
		{0598AE29-5136-4C12-B4EA-980A8B2E514C}.Debug|x64.ActiveCfg = Debug|x64
		{0598AE29-5136-4C12-B4EA-980A8B2E514C}.Debug|x64.Build.0 = Debug|x64
		{0598AE29-5136-4C12-B4EA-980A8B2E514C}.Debug|x86.ActiveCfg = Debug|Win32
		{0598AE29-5136-4C12-B4EA-980A8B2E514C}.Debug|x86.Build.0 = Debug|Win32
		{0598AE29-5136-4C12-B4EA-980A8B2E514C}.Release|x64.ActiveCfg = Release|x64
		{0598AE29-5136-4C12-B4EA-980A8B2E514C}.Release|x64.Build.0 = Release|x64
		{0598AE29-5136-4C12-B4EA-980A8B2E514C}.Release|x86.ActiveCfg = Release|Win32
		{0598AE29-5136-4C12-B4EA-980A8B2E514C}.Release|x86.Build.0 = Release|Win32
		{0372C0DA-75E9-4DF6-94A5-53AC5786F667}.Debug|x64.ActiveCfg = Debug|x64
		{0372C0DA-75E9-4DF6-94A5-53AC5786F667}.Debug|x64.Build.0 = Debug|x64
		{0372C0DA-75E9-4DF6-94A5-53AC5786F667}.Debug|x86.ActiveCfg = Debug|Win32
		{0372C0DA-75E9-4DF6-94A5-53AC5786F667}.Debug|x86.Build.0 = Debug|Win32
		{0372C0DA-75E9-4DF6-94A5-53AC5786F667}.Release|x64.ActiveCfg = Release|x64
		{0372C0DA-75E9-4DF6-94A5-53AC5786F667}.Release|x64.Build.0 = Release|x64
		{0372C0DA-75E9-4DF6-94A5-53AC5786F667}.Release|x86.ActiveCfg = Release|Win32
		{0372C0DA-75E9-4DF6-94A5-53AC5786F667}.Release|x86.Build.0 = Release|Win32
	EndGlobalSection
	GlobalSection(SolutionProperties) = preSolution
		HideSolutionNode = FALSE
	EndGlobalSection
EndGlobal
