
Microsoft Visual Studio Solution File, Format Version 12.00
# Visual Studio 15
VisualStudioVersion = 15.0.26228.9
MinimumVisualStudioVersion = 10.0.40219.1
Project("{8BC9CEB8-8B4A-11D0-8D11-00A0C91BC942}") = "RandNum", "Hw\Hw.vcxproj", "{5F4722E1-AF48-4982-A692-1D4262ADA37F}"
EndProject
Project("{8BC9CEB8-8B4A-11D0-8D11-00A0C91BC942}") = "HighLow", "HighLow\HighLow.vcxproj", "{B983F809-CD45-4C95-B332-787BF77DEDD1}"
EndProject
Project("{8BC9CEB8-8B4A-11D0-8D11-00A0C91BC942}") = "BaseballGame.c", "BaseballGame.c\BaseballGame.c.vcxproj", "{91C829E5-994F-48AD-B83C-0C9F4B70B71B}"
EndProject
Project("{8BC9CEB8-8B4A-11D0-8D11-00A0C91BC942}") = "NumberFind", "NumberFind\NumberFind.vcxproj", "{057DDB30-4CD2-4E11-8B36-FF017B5825DB}"
EndProject
Project("{8BC9CEB8-8B4A-11D0-8D11-00A0C91BC942}") = "MindReader", "MindReader\MindReader.vcxproj", "{CD675BDD-A3B7-42DF-8F1A-23D6335C17C0}"
EndProject
Project("{8BC9CEB8-8B4A-11D0-8D11-00A0C91BC942}") = "Sort", "Sort\Sort.vcxproj", "{9F8CE547-06D5-4099-85FD-C146A90F9158}"
EndProject
Global
	GlobalSection(SolutionConfigurationPlatforms) = preSolution
		Debug|x64 = Debug|x64
		Debug|x86 = Debug|x86
		Release|x64 = Release|x64
		Release|x86 = Release|x86
	EndGlobalSection
	GlobalSection(ProjectConfigurationPlatforms) = postSolution
		{5F4722E1-AF48-4982-A692-1D4262ADA37F}.Debug|x64.ActiveCfg = Debug|x64
		{5F4722E1-AF48-4982-A692-1D4262ADA37F}.Debug|x64.Build.0 = Debug|x64
		{5F4722E1-AF48-4982-A692-1D4262ADA37F}.Debug|x86.ActiveCfg = Debug|Win32
		{5F4722E1-AF48-4982-A692-1D4262ADA37F}.Debug|x86.Build.0 = Debug|Win32
		{5F4722E1-AF48-4982-A692-1D4262ADA37F}.Release|x64.ActiveCfg = Release|x64
		{5F4722E1-AF48-4982-A692-1D4262ADA37F}.Release|x64.Build.0 = Release|x64
		{5F4722E1-AF48-4982-A692-1D4262ADA37F}.Release|x86.ActiveCfg = Release|Win32
		{5F4722E1-AF48-4982-A692-1D4262ADA37F}.Release|x86.Build.0 = Release|Win32
		{B983F809-CD45-4C95-B332-787BF77DEDD1}.Debug|x64.ActiveCfg = Debug|x64
		{B983F809-CD45-4C95-B332-787BF77DEDD1}.Debug|x64.Build.0 = Debug|x64
		{B983F809-CD45-4C95-B332-787BF77DEDD1}.Debug|x86.ActiveCfg = Debug|Win32
		{B983F809-CD45-4C95-B332-787BF77DEDD1}.Debug|x86.Build.0 = Debug|Win32
		{B983F809-CD45-4C95-B332-787BF77DEDD1}.Release|x64.ActiveCfg = Release|x64
		{B983F809-CD45-4C95-B332-787BF77DEDD1}.Release|x64.Build.0 = Release|x64
		{B983F809-CD45-4C95-B332-787BF77DEDD1}.Release|x86.ActiveCfg = Release|Win32
		{B983F809-CD45-4C95-B332-787BF77DEDD1}.Release|x86.Build.0 = Release|Win32
		{91C829E5-994F-48AD-B83C-0C9F4B70B71B}.Debug|x64.ActiveCfg = Debug|x64
		{91C829E5-994F-48AD-B83C-0C9F4B70B71B}.Debug|x64.Build.0 = Debug|x64
		{91C829E5-994F-48AD-B83C-0C9F4B70B71B}.Debug|x86.ActiveCfg = Debug|Win32
		{91C829E5-994F-48AD-B83C-0C9F4B70B71B}.Debug|x86.Build.0 = Debug|Win32
		{91C829E5-994F-48AD-B83C-0C9F4B70B71B}.Release|x64.ActiveCfg = Release|x64
		{91C829E5-994F-48AD-B83C-0C9F4B70B71B}.Release|x64.Build.0 = Release|x64
		{91C829E5-994F-48AD-B83C-0C9F4B70B71B}.Release|x86.ActiveCfg = Release|Win32
		{91C829E5-994F-48AD-B83C-0C9F4B70B71B}.Release|x86.Build.0 = Release|Win32
		{057DDB30-4CD2-4E11-8B36-FF017B5825DB}.Debug|x64.ActiveCfg = Debug|x64
		{057DDB30-4CD2-4E11-8B36-FF017B5825DB}.Debug|x64.Build.0 = Debug|x64
		{057DDB30-4CD2-4E11-8B36-FF017B5825DB}.Debug|x86.ActiveCfg = Debug|Win32
		{057DDB30-4CD2-4E11-8B36-FF017B5825DB}.Debug|x86.Build.0 = Debug|Win32
		{057DDB30-4CD2-4E11-8B36-FF017B5825DB}.Release|x64.ActiveCfg = Release|x64
		{057DDB30-4CD2-4E11-8B36-FF017B5825DB}.Release|x64.Build.0 = Release|x64
		{057DDB30-4CD2-4E11-8B36-FF017B5825DB}.Release|x86.ActiveCfg = Release|Win32
		{057DDB30-4CD2-4E11-8B36-FF017B5825DB}.Release|x86.Build.0 = Release|Win32
		{CD675BDD-A3B7-42DF-8F1A-23D6335C17C0}.Debug|x64.ActiveCfg = Debug|x64
		{CD675BDD-A3B7-42DF-8F1A-23D6335C17C0}.Debug|x64.Build.0 = Debug|x64
		{CD675BDD-A3B7-42DF-8F1A-23D6335C17C0}.Debug|x86.ActiveCfg = Debug|Win32
		{CD675BDD-A3B7-42DF-8F1A-23D6335C17C0}.Debug|x86.Build.0 = Debug|Win32
		{CD675BDD-A3B7-42DF-8F1A-23D6335C17C0}.Release|x64.ActiveCfg = Release|x64
		{CD675BDD-A3B7-42DF-8F1A-23D6335C17C0}.Release|x64.Build.0 = Release|x64
		{CD675BDD-A3B7-42DF-8F1A-23D6335C17C0}.Release|x86.ActiveCfg = Release|Win32
		{CD675BDD-A3B7-42DF-8F1A-23D6335C17C0}.Release|x86.Build.0 = Release|Win32
		{9F8CE547-06D5-4099-85FD-C146A90F9158}.Debug|x64.ActiveCfg = Debug|x64
		{9F8CE547-06D5-4099-85FD-C146A90F9158}.Debug|x64.Build.0 = Debug|x64
		{9F8CE547-06D5-4099-85FD-C146A90F9158}.Debug|x86.ActiveCfg = Debug|Win32
		{9F8CE547-06D5-4099-85FD-C146A90F9158}.Debug|x86.Build.0 = Debug|Win32
		{9F8CE547-06D5-4099-85FD-C146A90F9158}.Release|x64.ActiveCfg = Release|x64
		{9F8CE547-06D5-4099-85FD-C146A90F9158}.Release|x64.Build.0 = Release|x64
		{9F8CE547-06D5-4099-85FD-C146A90F9158}.Release|x86.ActiveCfg = Release|Win32
		{9F8CE547-06D5-4099-85FD-C146A90F9158}.Release|x86.Build.0 = Release|Win32
	EndGlobalSection
	GlobalSection(SolutionProperties) = preSolution
		HideSolutionNode = FALSE
	EndGlobalSection
EndGlobal
