
Microsoft Visual Studio Solution File, Format Version 12.00
# Visual Studio 15
VisualStudioVersion = 15.0.26228.9
MinimumVisualStudioVersion = 10.0.40219.1
Project("{8BC9CEB8-8B4A-11D0-8D11-00A0C91BC942}") = "Chapter01", "Chapter01\Chapter01.vcxproj", "{4C17765B-8569-4839-86CA-40D5F31D3CEA}"
EndProject
Project("{8BC9CEB8-8B4A-11D0-8D11-00A0C91BC942}") = "Chapter02", "Chapter02\Chapter02.vcxproj", "{BA0FE299-01DE-4E63-B3B1-ACB65D6B502B}"
EndProject
Project("{8BC9CEB8-8B4A-11D0-8D11-00A0C91BC942}") = "Chapter03", "Chapter03\Chapter03.vcxproj", "{C33F85DE-F29E-427E-971A-2CBFCC530243}"
EndProject
Project("{8BC9CEB8-8B4A-11D0-8D11-00A0C91BC942}") = "Chapter04", "Chapter04\Chapter04.vcxproj", "{10682B1D-8D96-493D-A852-11FBD6658BC2}"
EndProject
Project("{8BC9CEB8-8B4A-11D0-8D11-00A0C91BC942}") = "Chapter05", "Chapter05\Chapter05.vcxproj", "{016E2ED0-3EB7-4BD8-A076-670DA66D4F76}"
EndProject
Project("{8BC9CEB8-8B4A-11D0-8D11-00A0C91BC942}") = "Chapter06", "Chapter06\Chapter06.vcxproj", "{509D2E99-341C-4276-B333-1C96F12AE39D}"
EndProject
Project("{8BC9CEB8-8B4A-11D0-8D11-00A0C91BC942}") = "Chapter07", "Chapter07\Chapter07.vcxproj", "{D01B9868-87C4-4513-9765-9C0E55EEA6CD}"
EndProject
Project("{8BC9CEB8-8B4A-11D0-8D11-00A0C91BC942}") = "Chapter08", "Chapter08\Chapter08.vcxproj", "{4E9B14C8-90E4-4E06-8880-9AE89DD0E679}"
EndProject
Project("{8BC9CEB8-8B4A-11D0-8D11-00A0C91BC942}") = "Chapter09", "Chapter09\Chapter09.vcxproj", "{00D485F5-00CB-45CD-84B1-86C56FC03D93}"
EndProject
Project("{8BC9CEB8-8B4A-11D0-8D11-00A0C91BC942}") = "Chapter11", "Chapter11\Chapter11.vcxproj", "{F1906648-4FB6-48BF-85CC-D9B644AEF202}"
EndProject
Global
	GlobalSection(SolutionConfigurationPlatforms) = preSolution
		Debug|x64 = Debug|x64
		Debug|x86 = Debug|x86
		Release|x64 = Release|x64
		Release|x86 = Release|x86
	EndGlobalSection
	GlobalSection(ProjectConfigurationPlatforms) = postSolution
		{4C17765B-8569-4839-86CA-40D5F31D3CEA}.Debug|x64.ActiveCfg = Debug|x64
		{4C17765B-8569-4839-86CA-40D5F31D3CEA}.Debug|x64.Build.0 = Debug|x64
		{4C17765B-8569-4839-86CA-40D5F31D3CEA}.Debug|x86.ActiveCfg = Debug|Win32
		{4C17765B-8569-4839-86CA-40D5F31D3CEA}.Debug|x86.Build.0 = Debug|Win32
		{4C17765B-8569-4839-86CA-40D5F31D3CEA}.Release|x64.ActiveCfg = Release|x64
		{4C17765B-8569-4839-86CA-40D5F31D3CEA}.Release|x64.Build.0 = Release|x64
		{4C17765B-8569-4839-86CA-40D5F31D3CEA}.Release|x86.ActiveCfg = Release|Win32
		{4C17765B-8569-4839-86CA-40D5F31D3CEA}.Release|x86.Build.0 = Release|Win32
		{BA0FE299-01DE-4E63-B3B1-ACB65D6B502B}.Debug|x64.ActiveCfg = Debug|x64
		{BA0FE299-01DE-4E63-B3B1-ACB65D6B502B}.Debug|x64.Build.0 = Debug|x64
		{BA0FE299-01DE-4E63-B3B1-ACB65D6B502B}.Debug|x86.ActiveCfg = Debug|Win32
		{BA0FE299-01DE-4E63-B3B1-ACB65D6B502B}.Debug|x86.Build.0 = Debug|Win32
		{BA0FE299-01DE-4E63-B3B1-ACB65D6B502B}.Release|x64.ActiveCfg = Release|x64
		{BA0FE299-01DE-4E63-B3B1-ACB65D6B502B}.Release|x64.Build.0 = Release|x64
		{BA0FE299-01DE-4E63-B3B1-ACB65D6B502B}.Release|x86.ActiveCfg = Release|Win32
		{BA0FE299-01DE-4E63-B3B1-ACB65D6B502B}.Release|x86.Build.0 = Release|Win32
		{C33F85DE-F29E-427E-971A-2CBFCC530243}.Debug|x64.ActiveCfg = Debug|x64
		{C33F85DE-F29E-427E-971A-2CBFCC530243}.Debug|x64.Build.0 = Debug|x64
		{C33F85DE-F29E-427E-971A-2CBFCC530243}.Debug|x86.ActiveCfg = Debug|Win32
		{C33F85DE-F29E-427E-971A-2CBFCC530243}.Debug|x86.Build.0 = Debug|Win32
		{C33F85DE-F29E-427E-971A-2CBFCC530243}.Release|x64.ActiveCfg = Release|x64
		{C33F85DE-F29E-427E-971A-2CBFCC530243}.Release|x64.Build.0 = Release|x64
		{C33F85DE-F29E-427E-971A-2CBFCC530243}.Release|x86.ActiveCfg = Release|Win32
		{C33F85DE-F29E-427E-971A-2CBFCC530243}.Release|x86.Build.0 = Release|Win32
		{10682B1D-8D96-493D-A852-11FBD6658BC2}.Debug|x64.ActiveCfg = Debug|x64
		{10682B1D-8D96-493D-A852-11FBD6658BC2}.Debug|x64.Build.0 = Debug|x64
		{10682B1D-8D96-493D-A852-11FBD6658BC2}.Debug|x86.ActiveCfg = Debug|Win32
		{10682B1D-8D96-493D-A852-11FBD6658BC2}.Debug|x86.Build.0 = Debug|Win32
		{10682B1D-8D96-493D-A852-11FBD6658BC2}.Release|x64.ActiveCfg = Release|x64
		{10682B1D-8D96-493D-A852-11FBD6658BC2}.Release|x64.Build.0 = Release|x64
		{10682B1D-8D96-493D-A852-11FBD6658BC2}.Release|x86.ActiveCfg = Release|Win32
		{10682B1D-8D96-493D-A852-11FBD6658BC2}.Release|x86.Build.0 = Release|Win32
		{016E2ED0-3EB7-4BD8-A076-670DA66D4F76}.Debug|x64.ActiveCfg = Debug|x64
		{016E2ED0-3EB7-4BD8-A076-670DA66D4F76}.Debug|x64.Build.0 = Debug|x64
		{016E2ED0-3EB7-4BD8-A076-670DA66D4F76}.Debug|x86.ActiveCfg = Debug|Win32
		{016E2ED0-3EB7-4BD8-A076-670DA66D4F76}.Debug|x86.Build.0 = Debug|Win32
		{016E2ED0-3EB7-4BD8-A076-670DA66D4F76}.Release|x64.ActiveCfg = Release|x64
		{016E2ED0-3EB7-4BD8-A076-670DA66D4F76}.Release|x64.Build.0 = Release|x64
		{016E2ED0-3EB7-4BD8-A076-670DA66D4F76}.Release|x86.ActiveCfg = Release|Win32
		{016E2ED0-3EB7-4BD8-A076-670DA66D4F76}.Release|x86.Build.0 = Release|Win32
		{509D2E99-341C-4276-B333-1C96F12AE39D}.Debug|x64.ActiveCfg = Debug|x64
		{509D2E99-341C-4276-B333-1C96F12AE39D}.Debug|x64.Build.0 = Debug|x64
		{509D2E99-341C-4276-B333-1C96F12AE39D}.Debug|x86.ActiveCfg = Debug|Win32
		{509D2E99-341C-4276-B333-1C96F12AE39D}.Debug|x86.Build.0 = Debug|Win32
		{509D2E99-341C-4276-B333-1C96F12AE39D}.Release|x64.ActiveCfg = Release|x64
		{509D2E99-341C-4276-B333-1C96F12AE39D}.Release|x64.Build.0 = Release|x64
		{509D2E99-341C-4276-B333-1C96F12AE39D}.Release|x86.ActiveCfg = Release|Win32
		{509D2E99-341C-4276-B333-1C96F12AE39D}.Release|x86.Build.0 = Release|Win32
		{D01B9868-87C4-4513-9765-9C0E55EEA6CD}.Debug|x64.ActiveCfg = Debug|x64
		{D01B9868-87C4-4513-9765-9C0E55EEA6CD}.Debug|x64.Build.0 = Debug|x64
		{D01B9868-87C4-4513-9765-9C0E55EEA6CD}.Debug|x86.ActiveCfg = Debug|Win32
		{D01B9868-87C4-4513-9765-9C0E55EEA6CD}.Debug|x86.Build.0 = Debug|Win32
		{D01B9868-87C4-4513-9765-9C0E55EEA6CD}.Release|x64.ActiveCfg = Release|x64
		{D01B9868-87C4-4513-9765-9C0E55EEA6CD}.Release|x64.Build.0 = Release|x64
		{D01B9868-87C4-4513-9765-9C0E55EEA6CD}.Release|x86.ActiveCfg = Release|Win32
		{D01B9868-87C4-4513-9765-9C0E55EEA6CD}.Release|x86.Build.0 = Release|Win32
		{4E9B14C8-90E4-4E06-8880-9AE89DD0E679}.Debug|x64.ActiveCfg = Debug|x64
		{4E9B14C8-90E4-4E06-8880-9AE89DD0E679}.Debug|x64.Build.0 = Debug|x64
		{4E9B14C8-90E4-4E06-8880-9AE89DD0E679}.Debug|x86.ActiveCfg = Debug|Win32
		{4E9B14C8-90E4-4E06-8880-9AE89DD0E679}.Debug|x86.Build.0 = Debug|Win32
		{4E9B14C8-90E4-4E06-8880-9AE89DD0E679}.Release|x64.ActiveCfg = Release|x64
		{4E9B14C8-90E4-4E06-8880-9AE89DD0E679}.Release|x64.Build.0 = Release|x64
		{4E9B14C8-90E4-4E06-8880-9AE89DD0E679}.Release|x86.ActiveCfg = Release|Win32
		{4E9B14C8-90E4-4E06-8880-9AE89DD0E679}.Release|x86.Build.0 = Release|Win32
		{00D485F5-00CB-45CD-84B1-86C56FC03D93}.Debug|x64.ActiveCfg = Debug|x64
		{00D485F5-00CB-45CD-84B1-86C56FC03D93}.Debug|x64.Build.0 = Debug|x64
		{00D485F5-00CB-45CD-84B1-86C56FC03D93}.Debug|x86.ActiveCfg = Debug|Win32
		{00D485F5-00CB-45CD-84B1-86C56FC03D93}.Debug|x86.Build.0 = Debug|Win32
		{00D485F5-00CB-45CD-84B1-86C56FC03D93}.Release|x64.ActiveCfg = Release|x64
		{00D485F5-00CB-45CD-84B1-86C56FC03D93}.Release|x64.Build.0 = Release|x64
		{00D485F5-00CB-45CD-84B1-86C56FC03D93}.Release|x86.ActiveCfg = Release|Win32
		{00D485F5-00CB-45CD-84B1-86C56FC03D93}.Release|x86.Build.0 = Release|Win32
		{F1906648-4FB6-48BF-85CC-D9B644AEF202}.Debug|x64.ActiveCfg = Debug|x64
		{F1906648-4FB6-48BF-85CC-D9B644AEF202}.Debug|x64.Build.0 = Debug|x64
		{F1906648-4FB6-48BF-85CC-D9B644AEF202}.Debug|x86.ActiveCfg = Debug|Win32
		{F1906648-4FB6-48BF-85CC-D9B644AEF202}.Debug|x86.Build.0 = Debug|Win32
		{F1906648-4FB6-48BF-85CC-D9B644AEF202}.Release|x64.ActiveCfg = Release|x64
		{F1906648-4FB6-48BF-85CC-D9B644AEF202}.Release|x64.Build.0 = Release|x64
		{F1906648-4FB6-48BF-85CC-D9B644AEF202}.Release|x86.ActiveCfg = Release|Win32
		{F1906648-4FB6-48BF-85CC-D9B644AEF202}.Release|x86.Build.0 = Release|Win32
	EndGlobalSection
	GlobalSection(SolutionProperties) = preSolution
		HideSolutionNode = FALSE
	EndGlobalSection
EndGlobal
