
Microsoft Visual Studio Solution File, Format Version 12.00
# Visual Studio 15
VisualStudioVersion = 15.0.26228.9
MinimumVisualStudioVersion = 10.0.40219.1
Project("{8BC9CEB8-8B4A-11D0-8D11-00A0C91BC942}") = "Chapter01", "Chapter01\Chapter01.vcxproj", "{4C17765B-8569-4839-86CA-40D5F31D3CEA}"
EndProject
Project("{8BC9CEB8-8B4A-11D0-8D11-00A0C91BC942}") = "Chapter02", "Chapter02\Chapter02.vcxproj", "{BA0FE299-01DE-4E63-B3B1-ACB65D6B502B}"
EndProject
Project("{8BC9CEB8-8B4A-11D0-8D11-00A0C91BC942}") = "Chapter03", "Chapter03\Chapter03.vcxproj", "{C33F85DE-F29E-427E-971A-2CBFCC530243}"
EndProject
Project("{8BC9CEB8-8B4A-11D0-8D11-00A0C91BC942}") = "Chapter04", "Chapter04\Chapter04.vcxproj", "{10682B1D-8D96-493D-A852-11FBD6658BC2}"
EndProject
Project("{8BC9CEB8-8B4A-11D0-8D11-00A0C91BC942}") = "Chapter05", "Chapter05\Chapter05.vcxproj", "{016E2ED0-3EB7-4BD8-A076-670DA66D4F76}"
EndProject
Project("{8BC9CEB8-8B4A-11D0-8D11-00A0C91BC942}") = "Chapter06", "Chapter06\Chapter06.vcxproj", "{509D2E99-341C-4276-B333-1C96F12AE39D}"
EndProject
Project("{8BC9CEB8-8B4A-11D0-8D11-00A0C91BC942}") = "Chapter07", "Chapter07\Chapter07.vcxproj", "{D01B9868-87C4-4513-9765-9C0E55EEA6CD}"
EndProject
Project("{8BC9CEB8-8B4A-11D0-8D11-00A0C91BC942}") = "Chapter08", "Chapter08\Chapter08.vcxproj", "{4E9B14C8-90E4-4E06-8880-9AE89DD0E679}"
EndProject
Project("{8BC9CEB8-8B4A-11D0-8D11-00A0C91BC942}") = "Chapter09", "Chapter09\Chapter09.vcxproj", "{00D485F5-00CB-45CD-84B1-86C56FC03D93}"
EndProject
Project("{8BC9CEB8-8B4A-11D0-8D11-00A0C91BC942}") = "Chapter11", "Chapter11\Chapter11.vcxproj", "{F1906648-4FB6-48BF-85CC-D9B644AEF202}"
EndProject
Project("{8BC9CEB8-8B4A-11D0-8D11-00A0C91BC942}") = "Chapter12", "Chapter12\Chapter12.vcxproj", "{1722268D-9A1C-44E7-B93C-40BE58AC0A4E}"
EndProject
Project("{8BC9CEB8-8B4A-11D0-8D11-00A0C91BC942}") = "Chapter13", "Chapter13\Chapter13.vcxproj", "{41FB34C5-60CA-4E19-BD4E-4BD1CE5721A5}"
EndProject
Project("{8BC9CEB8-8B4A-11D0-8D11-00A0C91BC942}") = "Chapter14", "Chapter14\Chapter14.vcxproj", "{F282C040-C1BF-42F9-A1AC-673CF07DBC31}"
EndProject
Project("{8BC9CEB8-8B4A-11D0-8D11-00A0C91BC942}") = "Chapter15", "Chapter15\Chapter15.vcxproj", "{CE6DD588-D600-4373-8952-753E25A95C07}"
EndProject
Project("{8BC9CEB8-8B4A-11D0-8D11-00A0C91BC942}") = "0_Sort", "Sort\Sort.vcxproj", "{E28EC8B4-37A7-4422-BBBA-D92EA536E5A9}"
EndProject
Project("{8BC9CEB8-8B4A-11D0-8D11-00A0C91BC942}") = "Chapter16", "Chapter16\Chapter16.vcxproj", "{EE96DC28-B01F-4996-B8E4-2E8DEB44EEA8}"
EndProject
Project("{8BC9CEB8-8B4A-11D0-8D11-00A0C91BC942}") = "Chapter21", "Chapter21\Chapter21.vcxproj", "{51EA2625-5318-4DA3-BAAF-FCD9F5F365F5}"
EndProject
Project("{8BC9CEB8-8B4A-11D0-8D11-00A0C91BC942}") = "0_Buffer_Ch21", "Buffer\Buffer.vcxproj", "{C0E42761-3316-4F52-8CBE-A806AF7188A9}"
EndProject
Project("{8BC9CEB8-8B4A-11D0-8D11-00A0C91BC942}") = "Chapter22", "Chapter22\Chapter22.vcxproj", "{29E5EEDE-557D-4906-9F95-9B851124DD44}"
EndProject
Project("{8BC9CEB8-8B4A-11D0-8D11-00A0C91BC942}") = "Chapter23", "Chapter23\Chapter23.vcxproj", "{F67BF5E0-53BD-4DF7-9014-1268BCC68FE2}"
EndProject
Project("{8BC9CEB8-8B4A-11D0-8D11-00A0C91BC942}") = "Chapter24", "Chapter24\Chapter24.vcxproj", "{A14B78DD-8042-4960-A343-7C249B24951B}"
EndProject
Project("{8BC9CEB8-8B4A-11D0-8D11-00A0C91BC942}") = "Chapter20", "Chapter20\Chapter20.vcxproj", "{88FF9670-9971-4A08-A042-62DCA3B079CD}"
EndProject
Project("{8BC9CEB8-8B4A-11D0-8D11-00A0C91BC942}") = "Chapter25", "Chapter25\Chapter25.vcxproj", "{8DBAEE72-BB5D-4378-9DE5-A62BBC26B324}"
EndProject
Project("{8BC9CEB8-8B4A-11D0-8D11-00A0C91BC942}") = "0_Time", "0_Time\0_Time.vcxproj", "{18A59022-8198-4F98-9F7B-859F5F275037}"
EndProject
Project("{8BC9CEB8-8B4A-11D0-8D11-00A0C91BC942}") = "Chapter26", "Chapter26\Chapter26.vcxproj", "{651CE4F5-9E78-4CDD-89C9-60982E19063F}"
EndProject
Project("{8BC9CEB8-8B4A-11D0-8D11-00A0C91BC942}") = "Chapter27", "Chapter27\Chapter27.vcxproj", "{86A6F6F4-75F3-4BC2-87A3-20D8E98F296A}"
EndProject
Global
	GlobalSection(SolutionConfigurationPlatforms) = preSolution
		Debug|x64 = Debug|x64
		Debug|x86 = Debug|x86
		Release|x64 = Release|x64
		Release|x86 = Release|x86
	EndGlobalSection
	GlobalSection(ProjectConfigurationPlatforms) = postSolution
		{4C17765B-8569-4839-86CA-40D5F31D3CEA}.Debug|x64.ActiveCfg = Debug|x64
		{4C17765B-8569-4839-86CA-40D5F31D3CEA}.Debug|x64.Build.0 = Debug|x64
		{4C17765B-8569-4839-86CA-40D5F31D3CEA}.Debug|x86.ActiveCfg = Debug|Win32
		{4C17765B-8569-4839-86CA-40D5F31D3CEA}.Debug|x86.Build.0 = Debug|Win32
		{4C17765B-8569-4839-86CA-40D5F31D3CEA}.Release|x64.ActiveCfg = Release|x64
		{4C17765B-8569-4839-86CA-40D5F31D3CEA}.Release|x64.Build.0 = Release|x64
		{4C17765B-8569-4839-86CA-40D5F31D3CEA}.Release|x86.ActiveCfg = Release|Win32
		{4C17765B-8569-4839-86CA-40D5F31D3CEA}.Release|x86.Build.0 = Release|Win32
		{BA0FE299-01DE-4E63-B3B1-ACB65D6B502B}.Debug|x64.ActiveCfg = Debug|x64
		{BA0FE299-01DE-4E63-B3B1-ACB65D6B502B}.Debug|x64.Build.0 = Debug|x64
		{BA0FE299-01DE-4E63-B3B1-ACB65D6B502B}.Debug|x86.ActiveCfg = Debug|Win32
		{BA0FE299-01DE-4E63-B3B1-ACB65D6B502B}.Debug|x86.Build.0 = Debug|Win32
		{BA0FE299-01DE-4E63-B3B1-ACB65D6B502B}.Release|x64.ActiveCfg = Release|x64
		{BA0FE299-01DE-4E63-B3B1-ACB65D6B502B}.Release|x64.Build.0 = Release|x64
		{BA0FE299-01DE-4E63-B3B1-ACB65D6B502B}.Release|x86.ActiveCfg = Release|Win32
		{BA0FE299-01DE-4E63-B3B1-ACB65D6B502B}.Release|x86.Build.0 = Release|Win32
		{C33F85DE-F29E-427E-971A-2CBFCC530243}.Debug|x64.ActiveCfg = Debug|x64
		{C33F85DE-F29E-427E-971A-2CBFCC530243}.Debug|x64.Build.0 = Debug|x64
		{C33F85DE-F29E-427E-971A-2CBFCC530243}.Debug|x86.ActiveCfg = Debug|Win32
		{C33F85DE-F29E-427E-971A-2CBFCC530243}.Debug|x86.Build.0 = Debug|Win32
		{C33F85DE-F29E-427E-971A-2CBFCC530243}.Release|x64.ActiveCfg = Release|x64
		{C33F85DE-F29E-427E-971A-2CBFCC530243}.Release|x64.Build.0 = Release|x64
		{C33F85DE-F29E-427E-971A-2CBFCC530243}.Release|x86.ActiveCfg = Release|Win32
		{C33F85DE-F29E-427E-971A-2CBFCC530243}.Release|x86.Build.0 = Release|Win32
		{10682B1D-8D96-493D-A852-11FBD6658BC2}.Debug|x64.ActiveCfg = Debug|x64
		{10682B1D-8D96-493D-A852-11FBD6658BC2}.Debug|x64.Build.0 = Debug|x64
		{10682B1D-8D96-493D-A852-11FBD6658BC2}.Debug|x86.ActiveCfg = Debug|Win32
		{10682B1D-8D96-493D-A852-11FBD6658BC2}.Debug|x86.Build.0 = Debug|Win32
		{10682B1D-8D96-493D-A852-11FBD6658BC2}.Release|x64.ActiveCfg = Release|x64
		{10682B1D-8D96-493D-A852-11FBD6658BC2}.Release|x64.Build.0 = Release|x64
		{10682B1D-8D96-493D-A852-11FBD6658BC2}.Release|x86.ActiveCfg = Release|Win32
		{10682B1D-8D96-493D-A852-11FBD6658BC2}.Release|x86.Build.0 = Release|Win32
		{016E2ED0-3EB7-4BD8-A076-670DA66D4F76}.Debug|x64.ActiveCfg = Debug|x64
		{016E2ED0-3EB7-4BD8-A076-670DA66D4F76}.Debug|x64.Build.0 = Debug|x64
		{016E2ED0-3EB7-4BD8-A076-670DA66D4F76}.Debug|x86.ActiveCfg = Debug|Win32
		{016E2ED0-3EB7-4BD8-A076-670DA66D4F76}.Debug|x86.Build.0 = Debug|Win32
		{016E2ED0-3EB7-4BD8-A076-670DA66D4F76}.Release|x64.ActiveCfg = Release|x64
		{016E2ED0-3EB7-4BD8-A076-670DA66D4F76}.Release|x64.Build.0 = Release|x64
		{016E2ED0-3EB7-4BD8-A076-670DA66D4F76}.Release|x86.ActiveCfg = Release|Win32
		{016E2ED0-3EB7-4BD8-A076-670DA66D4F76}.Release|x86.Build.0 = Release|Win32
		{509D2E99-341C-4276-B333-1C96F12AE39D}.Debug|x64.ActiveCfg = Debug|x64
		{509D2E99-341C-4276-B333-1C96F12AE39D}.Debug|x64.Build.0 = Debug|x64
		{509D2E99-341C-4276-B333-1C96F12AE39D}.Debug|x86.ActiveCfg = Debug|Win32
		{509D2E99-341C-4276-B333-1C96F12AE39D}.Debug|x86.Build.0 = Debug|Win32
		{509D2E99-341C-4276-B333-1C96F12AE39D}.Release|x64.ActiveCfg = Release|x64
		{509D2E99-341C-4276-B333-1C96F12AE39D}.Release|x64.Build.0 = Release|x64
		{509D2E99-341C-4276-B333-1C96F12AE39D}.Release|x86.ActiveCfg = Release|Win32
		{509D2E99-341C-4276-B333-1C96F12AE39D}.Release|x86.Build.0 = Release|Win32
		{D01B9868-87C4-4513-9765-9C0E55EEA6CD}.Debug|x64.ActiveCfg = Debug|x64
		{D01B9868-87C4-4513-9765-9C0E55EEA6CD}.Debug|x64.Build.0 = Debug|x64
		{D01B9868-87C4-4513-9765-9C0E55EEA6CD}.Debug|x86.ActiveCfg = Debug|Win32
		{D01B9868-87C4-4513-9765-9C0E55EEA6CD}.Debug|x86.Build.0 = Debug|Win32
		{D01B9868-87C4-4513-9765-9C0E55EEA6CD}.Release|x64.ActiveCfg = Release|x64
		{D01B9868-87C4-4513-9765-9C0E55EEA6CD}.Release|x64.Build.0 = Release|x64
		{D01B9868-87C4-4513-9765-9C0E55EEA6CD}.Release|x86.ActiveCfg = Release|Win32
		{D01B9868-87C4-4513-9765-9C0E55EEA6CD}.Release|x86.Build.0 = Release|Win32
		{4E9B14C8-90E4-4E06-8880-9AE89DD0E679}.Debug|x64.ActiveCfg = Debug|x64
		{4E9B14C8-90E4-4E06-8880-9AE89DD0E679}.Debug|x64.Build.0 = Debug|x64
		{4E9B14C8-90E4-4E06-8880-9AE89DD0E679}.Debug|x86.ActiveCfg = Debug|Win32
		{4E9B14C8-90E4-4E06-8880-9AE89DD0E679}.Debug|x86.Build.0 = Debug|Win32
		{4E9B14C8-90E4-4E06-8880-9AE89DD0E679}.Release|x64.ActiveCfg = Release|x64
		{4E9B14C8-90E4-4E06-8880-9AE89DD0E679}.Release|x64.Build.0 = Release|x64
		{4E9B14C8-90E4-4E06-8880-9AE89DD0E679}.Release|x86.ActiveCfg = Release|Win32
		{4E9B14C8-90E4-4E06-8880-9AE89DD0E679}.Release|x86.Build.0 = Release|Win32
		{00D485F5-00CB-45CD-84B1-86C56FC03D93}.Debug|x64.ActiveCfg = Debug|x64
		{00D485F5-00CB-45CD-84B1-86C56FC03D93}.Debug|x64.Build.0 = Debug|x64
		{00D485F5-00CB-45CD-84B1-86C56FC03D93}.Debug|x86.ActiveCfg = Debug|Win32
		{00D485F5-00CB-45CD-84B1-86C56FC03D93}.Debug|x86.Build.0 = Debug|Win32
		{00D485F5-00CB-45CD-84B1-86C56FC03D93}.Release|x64.ActiveCfg = Release|x64
		{00D485F5-00CB-45CD-84B1-86C56FC03D93}.Release|x64.Build.0 = Release|x64
		{00D485F5-00CB-45CD-84B1-86C56FC03D93}.Release|x86.ActiveCfg = Release|Win32
		{00D485F5-00CB-45CD-84B1-86C56FC03D93}.Release|x86.Build.0 = Release|Win32
		{F1906648-4FB6-48BF-85CC-D9B644AEF202}.Debug|x64.ActiveCfg = Debug|x64
		{F1906648-4FB6-48BF-85CC-D9B644AEF202}.Debug|x64.Build.0 = Debug|x64
		{F1906648-4FB6-48BF-85CC-D9B644AEF202}.Debug|x86.ActiveCfg = Debug|Win32
		{F1906648-4FB6-48BF-85CC-D9B644AEF202}.Debug|x86.Build.0 = Debug|Win32
		{F1906648-4FB6-48BF-85CC-D9B644AEF202}.Release|x64.ActiveCfg = Release|x64
		{F1906648-4FB6-48BF-85CC-D9B644AEF202}.Release|x64.Build.0 = Release|x64
		{F1906648-4FB6-48BF-85CC-D9B644AEF202}.Release|x86.ActiveCfg = Release|Win32
		{F1906648-4FB6-48BF-85CC-D9B644AEF202}.Release|x86.Build.0 = Release|Win32
		{1722268D-9A1C-44E7-B93C-40BE58AC0A4E}.Debug|x64.ActiveCfg = Debug|x64
		{1722268D-9A1C-44E7-B93C-40BE58AC0A4E}.Debug|x64.Build.0 = Debug|x64
		{1722268D-9A1C-44E7-B93C-40BE58AC0A4E}.Debug|x86.ActiveCfg = Debug|Win32
		{1722268D-9A1C-44E7-B93C-40BE58AC0A4E}.Debug|x86.Build.0 = Debug|Win32
		{1722268D-9A1C-44E7-B93C-40BE58AC0A4E}.Release|x64.ActiveCfg = Release|x64
		{1722268D-9A1C-44E7-B93C-40BE58AC0A4E}.Release|x64.Build.0 = Release|x64
		{1722268D-9A1C-44E7-B93C-40BE58AC0A4E}.Release|x86.ActiveCfg = Release|Win32
		{1722268D-9A1C-44E7-B93C-40BE58AC0A4E}.Release|x86.Build.0 = Release|Win32
		{41FB34C5-60CA-4E19-BD4E-4BD1CE5721A5}.Debug|x64.ActiveCfg = Debug|x64
		{41FB34C5-60CA-4E19-BD4E-4BD1CE5721A5}.Debug|x64.Build.0 = Debug|x64
		{41FB34C5-60CA-4E19-BD4E-4BD1CE5721A5}.Debug|x86.ActiveCfg = Debug|Win32
		{41FB34C5-60CA-4E19-BD4E-4BD1CE5721A5}.Debug|x86.Build.0 = Debug|Win32
		{41FB34C5-60CA-4E19-BD4E-4BD1CE5721A5}.Release|x64.ActiveCfg = Release|x64
		{41FB34C5-60CA-4E19-BD4E-4BD1CE5721A5}.Release|x64.Build.0 = Release|x64
		{41FB34C5-60CA-4E19-BD4E-4BD1CE5721A5}.Release|x86.ActiveCfg = Release|Win32
		{41FB34C5-60CA-4E19-BD4E-4BD1CE5721A5}.Release|x86.Build.0 = Release|Win32
		{F282C040-C1BF-42F9-A1AC-673CF07DBC31}.Debug|x64.ActiveCfg = Debug|x64
		{F282C040-C1BF-42F9-A1AC-673CF07DBC31}.Debug|x64.Build.0 = Debug|x64
		{F282C040-C1BF-42F9-A1AC-673CF07DBC31}.Debug|x86.ActiveCfg = Debug|Win32
		{F282C040-C1BF-42F9-A1AC-673CF07DBC31}.Debug|x86.Build.0 = Debug|Win32
		{F282C040-C1BF-42F9-A1AC-673CF07DBC31}.Release|x64.ActiveCfg = Release|x64
		{F282C040-C1BF-42F9-A1AC-673CF07DBC31}.Release|x64.Build.0 = Release|x64
		{F282C040-C1BF-42F9-A1AC-673CF07DBC31}.Release|x86.ActiveCfg = Release|Win32
		{F282C040-C1BF-42F9-A1AC-673CF07DBC31}.Release|x86.Build.0 = Release|Win32
		{CE6DD588-D600-4373-8952-753E25A95C07}.Debug|x64.ActiveCfg = Debug|x64
		{CE6DD588-D600-4373-8952-753E25A95C07}.Debug|x64.Build.0 = Debug|x64
		{CE6DD588-D600-4373-8952-753E25A95C07}.Debug|x86.ActiveCfg = Debug|Win32
		{CE6DD588-D600-4373-8952-753E25A95C07}.Debug|x86.Build.0 = Debug|Win32
		{CE6DD588-D600-4373-8952-753E25A95C07}.Release|x64.ActiveCfg = Release|x64
		{CE6DD588-D600-4373-8952-753E25A95C07}.Release|x64.Build.0 = Release|x64
		{CE6DD588-D600-4373-8952-753E25A95C07}.Release|x86.ActiveCfg = Release|Win32
		{CE6DD588-D600-4373-8952-753E25A95C07}.Release|x86.Build.0 = Release|Win32
		{E28EC8B4-37A7-4422-BBBA-D92EA536E5A9}.Debug|x64.ActiveCfg = Debug|x64
		{E28EC8B4-37A7-4422-BBBA-D92EA536E5A9}.Debug|x64.Build.0 = Debug|x64
		{E28EC8B4-37A7-4422-BBBA-D92EA536E5A9}.Debug|x86.ActiveCfg = Debug|Win32
		{E28EC8B4-37A7-4422-BBBA-D92EA536E5A9}.Debug|x86.Build.0 = Debug|Win32
		{E28EC8B4-37A7-4422-BBBA-D92EA536E5A9}.Release|x64.ActiveCfg = Release|x64
		{E28EC8B4-37A7-4422-BBBA-D92EA536E5A9}.Release|x64.Build.0 = Release|x64
		{E28EC8B4-37A7-4422-BBBA-D92EA536E5A9}.Release|x86.ActiveCfg = Release|Win32
		{E28EC8B4-37A7-4422-BBBA-D92EA536E5A9}.Release|x86.Build.0 = Release|Win32
		{EE96DC28-B01F-4996-B8E4-2E8DEB44EEA8}.Debug|x64.ActiveCfg = Debug|x64
		{EE96DC28-B01F-4996-B8E4-2E8DEB44EEA8}.Debug|x64.Build.0 = Debug|x64
		{EE96DC28-B01F-4996-B8E4-2E8DEB44EEA8}.Debug|x86.ActiveCfg = Debug|Win32
		{EE96DC28-B01F-4996-B8E4-2E8DEB44EEA8}.Debug|x86.Build.0 = Debug|Win32
		{EE96DC28-B01F-4996-B8E4-2E8DEB44EEA8}.Release|x64.ActiveCfg = Release|x64
		{EE96DC28-B01F-4996-B8E4-2E8DEB44EEA8}.Release|x64.Build.0 = Release|x64
		{EE96DC28-B01F-4996-B8E4-2E8DEB44EEA8}.Release|x86.ActiveCfg = Release|Win32
		{EE96DC28-B01F-4996-B8E4-2E8DEB44EEA8}.Release|x86.Build.0 = Release|Win32
		{51EA2625-5318-4DA3-BAAF-FCD9F5F365F5}.Debug|x64.ActiveCfg = Debug|x64
		{51EA2625-5318-4DA3-BAAF-FCD9F5F365F5}.Debug|x64.Build.0 = Debug|x64
		{51EA2625-5318-4DA3-BAAF-FCD9F5F365F5}.Debug|x86.ActiveCfg = Debug|Win32
		{51EA2625-5318-4DA3-BAAF-FCD9F5F365F5}.Debug|x86.Build.0 = Debug|Win32
		{51EA2625-5318-4DA3-BAAF-FCD9F5F365F5}.Release|x64.ActiveCfg = Release|x64
		{51EA2625-5318-4DA3-BAAF-FCD9F5F365F5}.Release|x64.Build.0 = Release|x64
		{51EA2625-5318-4DA3-BAAF-FCD9F5F365F5}.Release|x86.ActiveCfg = Release|Win32
		{51EA2625-5318-4DA3-BAAF-FCD9F5F365F5}.Release|x86.Build.0 = Release|Win32
		{C0E42761-3316-4F52-8CBE-A806AF7188A9}.Debug|x64.ActiveCfg = Debug|x64
		{C0E42761-3316-4F52-8CBE-A806AF7188A9}.Debug|x64.Build.0 = Debug|x64
		{C0E42761-3316-4F52-8CBE-A806AF7188A9}.Debug|x86.ActiveCfg = Debug|Win32
		{C0E42761-3316-4F52-8CBE-A806AF7188A9}.Debug|x86.Build.0 = Debug|Win32
		{C0E42761-3316-4F52-8CBE-A806AF7188A9}.Release|x64.ActiveCfg = Release|x64
		{C0E42761-3316-4F52-8CBE-A806AF7188A9}.Release|x64.Build.0 = Release|x64
		{C0E42761-3316-4F52-8CBE-A806AF7188A9}.Release|x86.ActiveCfg = Release|Win32
		{C0E42761-3316-4F52-8CBE-A806AF7188A9}.Release|x86.Build.0 = Release|Win32
		{29E5EEDE-557D-4906-9F95-9B851124DD44}.Debug|x64.ActiveCfg = Debug|x64
		{29E5EEDE-557D-4906-9F95-9B851124DD44}.Debug|x64.Build.0 = Debug|x64
		{29E5EEDE-557D-4906-9F95-9B851124DD44}.Debug|x86.ActiveCfg = Debug|Win32
		{29E5EEDE-557D-4906-9F95-9B851124DD44}.Debug|x86.Build.0 = Debug|Win32
		{29E5EEDE-557D-4906-9F95-9B851124DD44}.Release|x64.ActiveCfg = Release|x64
		{29E5EEDE-557D-4906-9F95-9B851124DD44}.Release|x64.Build.0 = Release|x64
		{29E5EEDE-557D-4906-9F95-9B851124DD44}.Release|x86.ActiveCfg = Release|Win32
		{29E5EEDE-557D-4906-9F95-9B851124DD44}.Release|x86.Build.0 = Release|Win32
		{F67BF5E0-53BD-4DF7-9014-1268BCC68FE2}.Debug|x64.ActiveCfg = Debug|x64
		{F67BF5E0-53BD-4DF7-9014-1268BCC68FE2}.Debug|x64.Build.0 = Debug|x64
		{F67BF5E0-53BD-4DF7-9014-1268BCC68FE2}.Debug|x86.ActiveCfg = Debug|Win32
		{F67BF5E0-53BD-4DF7-9014-1268BCC68FE2}.Debug|x86.Build.0 = Debug|Win32
		{F67BF5E0-53BD-4DF7-9014-1268BCC68FE2}.Release|x64.ActiveCfg = Release|x64
		{F67BF5E0-53BD-4DF7-9014-1268BCC68FE2}.Release|x64.Build.0 = Release|x64
		{F67BF5E0-53BD-4DF7-9014-1268BCC68FE2}.Release|x86.ActiveCfg = Release|Win32
		{F67BF5E0-53BD-4DF7-9014-1268BCC68FE2}.Release|x86.Build.0 = Release|Win32
		{A14B78DD-8042-4960-A343-7C249B24951B}.Debug|x64.ActiveCfg = Debug|x64
		{A14B78DD-8042-4960-A343-7C249B24951B}.Debug|x64.Build.0 = Debug|x64
		{A14B78DD-8042-4960-A343-7C249B24951B}.Debug|x86.ActiveCfg = Debug|Win32
		{A14B78DD-8042-4960-A343-7C249B24951B}.Debug|x86.Build.0 = Debug|Win32
		{A14B78DD-8042-4960-A343-7C249B24951B}.Release|x64.ActiveCfg = Release|x64
		{A14B78DD-8042-4960-A343-7C249B24951B}.Release|x64.Build.0 = Release|x64
		{A14B78DD-8042-4960-A343-7C249B24951B}.Release|x86.ActiveCfg = Release|Win32
		{A14B78DD-8042-4960-A343-7C249B24951B}.Release|x86.Build.0 = Release|Win32
		{88FF9670-9971-4A08-A042-62DCA3B079CD}.Debug|x64.ActiveCfg = Debug|x64
		{88FF9670-9971-4A08-A042-62DCA3B079CD}.Debug|x64.Build.0 = Debug|x64
		{88FF9670-9971-4A08-A042-62DCA3B079CD}.Debug|x86.ActiveCfg = Debug|Win32
		{88FF9670-9971-4A08-A042-62DCA3B079CD}.Debug|x86.Build.0 = Debug|Win32
		{88FF9670-9971-4A08-A042-62DCA3B079CD}.Release|x64.ActiveCfg = Release|x64
		{88FF9670-9971-4A08-A042-62DCA3B079CD}.Release|x64.Build.0 = Release|x64
		{88FF9670-9971-4A08-A042-62DCA3B079CD}.Release|x86.ActiveCfg = Release|Win32
		{88FF9670-9971-4A08-A042-62DCA3B079CD}.Release|x86.Build.0 = Release|Win32
		{8DBAEE72-BB5D-4378-9DE5-A62BBC26B324}.Debug|x64.ActiveCfg = Debug|x64
		{8DBAEE72-BB5D-4378-9DE5-A62BBC26B324}.Debug|x64.Build.0 = Debug|x64
		{8DBAEE72-BB5D-4378-9DE5-A62BBC26B324}.Debug|x86.ActiveCfg = Debug|Win32
		{8DBAEE72-BB5D-4378-9DE5-A62BBC26B324}.Debug|x86.Build.0 = Debug|Win32
		{8DBAEE72-BB5D-4378-9DE5-A62BBC26B324}.Release|x64.ActiveCfg = Release|x64
		{8DBAEE72-BB5D-4378-9DE5-A62BBC26B324}.Release|x64.Build.0 = Release|x64
		{8DBAEE72-BB5D-4378-9DE5-A62BBC26B324}.Release|x86.ActiveCfg = Release|Win32
		{8DBAEE72-BB5D-4378-9DE5-A62BBC26B324}.Release|x86.Build.0 = Release|Win32
		{18A59022-8198-4F98-9F7B-859F5F275037}.Debug|x64.ActiveCfg = Debug|x64
		{18A59022-8198-4F98-9F7B-859F5F275037}.Debug|x64.Build.0 = Debug|x64
		{18A59022-8198-4F98-9F7B-859F5F275037}.Debug|x86.ActiveCfg = Debug|Win32
		{18A59022-8198-4F98-9F7B-859F5F275037}.Debug|x86.Build.0 = Debug|Win32
		{18A59022-8198-4F98-9F7B-859F5F275037}.Release|x64.ActiveCfg = Release|x64
		{18A59022-8198-4F98-9F7B-859F5F275037}.Release|x64.Build.0 = Release|x64
		{18A59022-8198-4F98-9F7B-859F5F275037}.Release|x86.ActiveCfg = Release|Win32
		{18A59022-8198-4F98-9F7B-859F5F275037}.Release|x86.Build.0 = Release|Win32
		{651CE4F5-9E78-4CDD-89C9-60982E19063F}.Debug|x64.ActiveCfg = Debug|x64
		{651CE4F5-9E78-4CDD-89C9-60982E19063F}.Debug|x64.Build.0 = Debug|x64
		{651CE4F5-9E78-4CDD-89C9-60982E19063F}.Debug|x86.ActiveCfg = Debug|Win32
		{651CE4F5-9E78-4CDD-89C9-60982E19063F}.Debug|x86.Build.0 = Debug|Win32
		{651CE4F5-9E78-4CDD-89C9-60982E19063F}.Release|x64.ActiveCfg = Release|x64
		{651CE4F5-9E78-4CDD-89C9-60982E19063F}.Release|x64.Build.0 = Release|x64
		{651CE4F5-9E78-4CDD-89C9-60982E19063F}.Release|x86.ActiveCfg = Release|Win32
		{651CE4F5-9E78-4CDD-89C9-60982E19063F}.Release|x86.Build.0 = Release|Win32
		{86A6F6F4-75F3-4BC2-87A3-20D8E98F296A}.Debug|x64.ActiveCfg = Debug|x64
		{86A6F6F4-75F3-4BC2-87A3-20D8E98F296A}.Debug|x64.Build.0 = Debug|x64
		{86A6F6F4-75F3-4BC2-87A3-20D8E98F296A}.Debug|x86.ActiveCfg = Debug|Win32
		{86A6F6F4-75F3-4BC2-87A3-20D8E98F296A}.Debug|x86.Build.0 = Debug|Win32
		{86A6F6F4-75F3-4BC2-87A3-20D8E98F296A}.Release|x64.ActiveCfg = Release|x64
		{86A6F6F4-75F3-4BC2-87A3-20D8E98F296A}.Release|x64.Build.0 = Release|x64
		{86A6F6F4-75F3-4BC2-87A3-20D8E98F296A}.Release|x86.ActiveCfg = Release|Win32
		{86A6F6F4-75F3-4BC2-87A3-20D8E98F296A}.Release|x86.Build.0 = Release|Win32
	EndGlobalSection
	GlobalSection(SolutionProperties) = preSolution
		HideSolutionNode = FALSE
	EndGlobalSection
EndGlobal
